
Microsoft Visual Studio Solution File, Format Version 12.00
# Visual Studio Version 17
VisualStudioVersion = 17.0.31912.275
MinimumVisualStudioVersion = 10.0.40219.1
Project("{FAE04EC0-301F-11D3-BF4B-00C04F79EFBC}") = "ag.WPF.ColorPicker", "ag.WPF.ColorPicker\ag.WPF.ColorPicker.csproj", "{0840EB07-9BCC-436A-BE72-B1BC69DF7808}"
EndProject
Project("{FAE04EC0-301F-11D3-BF4B-00C04F79EFBC}") = "TestColorPicker", "TestColorPicker\TestColorPicker.csproj", "{2AEF2AB0-B096-4DE9-8D8F-0A4C10F7D1AD}"
EndProject
Project("{FAE04EC0-301F-11D3-BF4B-00C04F79EFBC}") = "ag.WPF.ColorPicker.NET", "ag.WPF.ColorPicker.NET\ag.WPF.ColorPicker.NET.csproj", "{D9092613-C591-4839-AE33-CB76A1A889A2}"
EndProject
Global
	GlobalSection(SolutionConfigurationPlatforms) = preSolution
		Debug|Any CPU = Debug|Any CPU
		Release|Any CPU = Release|Any CPU
	EndGlobalSection
	GlobalSection(ProjectConfigurationPlatforms) = postSolution
		{0840EB07-9BCC-436A-BE72-B1BC69DF7808}.Debug|Any CPU.ActiveCfg = Debug|Any CPU
		{0840EB07-9BCC-436A-BE72-B1BC69DF7808}.Debug|Any CPU.Build.0 = Debug|Any CPU
		{0840EB07-9BCC-436A-BE72-B1BC69DF7808}.Release|Any CPU.ActiveCfg = Release|Any CPU
		{0840EB07-9BCC-436A-BE72-B1BC69DF7808}.Release|Any CPU.Build.0 = Release|Any CPU
		{2AEF2AB0-B096-4DE9-8D8F-0A4C10F7D1AD}.Debug|Any CPU.ActiveCfg = Debug|Any CPU
		{2AEF2AB0-B096-4DE9-8D8F-0A4C10F7D1AD}.Debug|Any CPU.Build.0 = Debug|Any CPU
		{2AEF2AB0-B096-4DE9-8D8F-0A4C10F7D1AD}.Release|Any CPU.ActiveCfg = Release|Any CPU
		{2AEF2AB0-B096-4DE9-8D8F-0A4C10F7D1AD}.Release|Any CPU.Build.0 = Release|Any CPU
		{D9092613-C591-4839-AE33-CB76A1A889A2}.Debug|Any CPU.ActiveCfg = Debug|Any CPU
		{D9092613-C591-4839-AE33-CB76A1A889A2}.Debug|Any CPU.Build.0 = Debug|Any CPU
		{D9092613-C591-4839-AE33-CB76A1A889A2}.Release|Any CPU.ActiveCfg = Release|Any CPU
		{D9092613-C591-4839-AE33-CB76A1A889A2}.Release|Any CPU.Build.0 = Release|Any CPU
	EndGlobalSection
	GlobalSection(SolutionProperties) = preSolution
		HideSolutionNode = FALSE
	EndGlobalSection
	GlobalSection(ExtensibilityGlobals) = postSolution
		SolutionGuid = {B4781B4A-48D4-4845-A9DC-8E98396B820E}
	EndGlobalSection
EndGlobal
